
Microsoft Visual Studio Solution File, Format Version 12.00
# Visual Studio Version 17
VisualStudioVersion = 17.5.33516.290
MinimumVisualStudioVersion = 10.0.40219.1
Project("{FAE04EC0-301F-11D3-BF4B-00C04F79EFBC}") = "Aplicacion_Banco", "Aplicacion_Banco\Aplicacion_Banco.csproj", "{6CDF7663-1B3A-44D8-B8FC-EE972A02E591}"
EndProject
Global
	GlobalSection(SolutionConfigurationPlatforms) = preSolution
		Debug|Any CPU = Debug|Any CPU
		Release|Any CPU = Release|Any CPU
	EndGlobalSection
	GlobalSection(ProjectConfigurationPlatforms) = postSolution
		{6CDF7663-1B3A-44D8-B8FC-EE972A02E591}.Debug|Any CPU.ActiveCfg = Debug|Any CPU
		{6CDF7663-1B3A-44D8-B8FC-EE972A02E591}.Debug|Any CPU.Build.0 = Debug|Any CPU
		{6CDF7663-1B3A-44D8-B8FC-EE972A02E591}.Release|Any CPU.ActiveCfg = Release|Any CPU
		{6CDF7663-1B3A-44D8-B8FC-EE972A02E591}.Release|Any CPU.Build.0 = Release|Any CPU
	EndGlobalSection
	GlobalSection(SolutionProperties) = preSolution
		HideSolutionNode = FALSE
	EndGlobalSection
	GlobalSection(ExtensibilityGlobals) = postSolution
		SolutionGuid = {B1C9445E-C144-48E3-A4DE-840B6C807681}
	EndGlobalSection
EndGlobal
